<?xml version="1.0" encoding="utf-8"?>
<Project ToolsVersion="4.0" xmlns="http://schemas.microsoft.com/developer/msbuild/2003">
  <ItemGroup>
    <Filter Include="Main">
      <UniqueIdentifier>{93995380-89BD-4b04-88EB-625FBE52EBFB}</UniqueIdentifier>
      <Extensions>
      </Extensions>
    </Filter>
    <Filter Include="Lib">
      <UniqueIdentifier>{3aacf150-55b2-4166-9782-9832fe58a15f}</UniqueIdentifier>
    </Filter>
    <Filter Include="Engine">
      <UniqueIdentifier>{4af0e4d7-d5c3-479b-8390-dd767fa049b6}</UniqueIdentifier>
    </Filter>
    <Filter Include="Tools">
      <UniqueIdentifier>{c322c5ad-e260-4fba-b9d5-f73c3fcbe583}</UniqueIdentifier>
    </Filter>
    <Filter Include="Resource">
      <UniqueIdentifier>{01a1c5e2-9b11-4e4b-aece-b6f0aaef4b25}</UniqueIdentifier>
    </Filter>
    <Filter Include="OldAPI">
      <UniqueIdentifier>{2ffc71f3-f140-445c-a964-5eb48b90fc50}</UniqueIdentifier>
    </Filter>
    <Filter Include="API">
      <UniqueIdentifier>{6708c2a5-a67a-4069-9abe-9771ffb28139}</UniqueIdentifier>
    </Filter>
  </ItemGroup>
  <ItemGroup>
    <ClCompile Include="BindAPIs_Old.cpp">
      <Filter>Main</Filter>
    </ClCompile>
    <ClCompile Include="dllmain.cpp">
      <Filter>Main</Filter>
    </ClCompile>
    <ClCompile Include="ScriptEngine.cpp">
      <Filter>Main</Filter>
    </ClCompile>
    <ClCompile Include="Loader.cpp">
      <Filter>Main</Filter>
    </ClCompile>
    <ClCompile Include="Engine\GlobalShareData.cpp">
      <Filter>Engine</Filter>
    </ClCompile>
    <ClCompile Include="Engine\LoaderHelper.cpp">
      <Filter>Engine</Filter>
    </ClCompile>
    <ClCompile Include="Engine\RemoteCall.cpp">
      <Filter>Engine</Filter>
    </ClCompile>
    <ClCompile Include="Engine\LocalShareData.cpp">
      <Filter>Engine</Filter>
    </ClCompile>
    <ClCompile Include="Engine\MessageSystem.cpp">
      <Filter>Engine</Filter>
    </ClCompile>
    <ClCompile Include="Engine\TimeTaskSystem.cpp">
      <Filter>Engine</Filter>
    </ClCompile>
    <ClCompile Include="Global.cpp">
      <Filter>Main</Filter>
    </ClCompile>
    <ClCompile Include="Tools\Utils.cpp">
      <Filter>Tools</Filter>
    </ClCompile>
    <ClCompile Include="Tools\IniHelper.cpp">
      <Filter>Tools</Filter>
    </ClCompile>
    <ClCompile Include="EconomySystem.cpp">
      <Filter>Main</Filter>
    </ClCompile>
    <ClCompile Include="Engine\OperationCount.cpp">
      <Filter>Engine</Filter>
    </ClCompile>
    <ClCompile Include="SafeGuardRecord.cpp">
      <Filter>Main</Filter>
    </ClCompile>
    <ClCompile Include="BuiltinCommands.cpp">
      <Filter>Main</Filter>
    </ClCompile>
    <ClCompile Include="PluginManager.cpp">
      <Filter>Main</Filter>
    </ClCompile>
    <ClCompile Include="Engine\EngineManager.cpp">
      <Filter>Engine</Filter>
    </ClCompile>
    <ClCompile Include="OldAPI\BaseAPI.cpp">
      <Filter>OldAPI</Filter>
    </ClCompile>
    <ClCompile Include="OldAPI\BlockAPI.cpp">
      <Filter>OldAPI</Filter>
    </ClCompile>
    <ClCompile Include="OldAPI\BlockEntityAPI.cpp">
      <Filter>OldAPI</Filter>
    </ClCompile>
    <ClCompile Include="OldAPI\CommandAPI.cpp">
      <Filter>OldAPI</Filter>
    </ClCompile>
    <ClCompile Include="OldAPI\CommandCompatibleAPI.cpp">
      <Filter>OldAPI</Filter>
    </ClCompile>
    <ClCompile Include="OldAPI\CommandOriginAPI.cpp">
      <Filter>OldAPI</Filter>
    </ClCompile>
    <ClCompile Include="OldAPI\CommandOutputAPI.cpp">
      <Filter>OldAPI</Filter>
    </ClCompile>
    <ClCompile Include="OldAPI\ContainerAPI.cpp">
      <Filter>OldAPI</Filter>
    </ClCompile>
    <ClCompile Include="OldAPI\DataAPI.cpp">
      <Filter>OldAPI</Filter>
    </ClCompile>
    <ClCompile Include="OldAPI\DatabaseAPI.cpp">
      <Filter>OldAPI</Filter>
    </ClCompile>
    <ClCompile Include="OldAPI\DeviceAPI.cpp">
      <Filter>OldAPI</Filter>
    </ClCompile>
    <ClCompile Include="OldAPI\EntityAPI.cpp">
      <Filter>OldAPI</Filter>
    </ClCompile>
    <ClCompile Include="OldAPI\EventAPI.cpp">
      <Filter>OldAPI</Filter>
    </ClCompile>
    <ClCompile Include="OldAPI\FileSystemAPI.cpp">
      <Filter>OldAPI</Filter>
    </ClCompile>
    <ClCompile Include="OldAPI\GameUtilsAPI.cpp">
      <Filter>OldAPI</Filter>
    </ClCompile>
    <ClCompile Include="OldAPI\GuiAPI.cpp">
      <Filter>OldAPI</Filter>
    </ClCompile>
    <ClCompile Include="OldAPI\ItemAPI.cpp">
      <Filter>OldAPI</Filter>
    </ClCompile>
    <ClCompile Include="OldAPI\LlAPI.cpp">
      <Filter>OldAPI</Filter>
    </ClCompile>
    <ClCompile Include="OldAPI\LoggerAPI.cpp">
      <Filter>OldAPI</Filter>
    </ClCompile>
    <ClCompile Include="OldAPI\McAPI.cpp">
      <Filter>OldAPI</Filter>
    </ClCompile>
    <ClCompile Include="OldAPI\NbtAPI.cpp">
      <Filter>OldAPI</Filter>
    </ClCompile>
    <ClCompile Include="OldAPI\NetworkAPI.cpp">
      <Filter>OldAPI</Filter>
    </ClCompile>
    <ClCompile Include="OldAPI\PlayerAPI.cpp">
      <Filter>OldAPI</Filter>
    </ClCompile>
    <ClCompile Include="OldAPI\RemoteCallAPI.cpp">
      <Filter>OldAPI</Filter>
    </ClCompile>
    <ClCompile Include="OldAPI\ScoreboardAPI.cpp">
      <Filter>OldAPI</Filter>
    </ClCompile>
    <ClCompile Include="OldAPI\ScriptAPI.cpp">
      <Filter>OldAPI</Filter>
    </ClCompile>
    <ClCompile Include="OldAPI\ServerAPI.cpp">
      <Filter>OldAPI</Filter>
    </ClCompile>
    <ClCompile Include="OldAPI\SimulatedPlayerAPI.cpp">
      <Filter>OldAPI</Filter>
    </ClCompile>
    <ClCompile Include="OldAPI\SystemAPI.cpp">
      <Filter>OldAPI</Filter>
    </ClCompile>
    <ClCompile Include="OldAPI\APIHelp.cpp">
      <Filter>OldAPI</Filter>
    </ClCompile>
    <ClCompile Include="PlayerWrapper.cpp">
      <Filter>API</Filter>
    </ClCompile>
  </ItemGroup>
  <ItemGroup>
    <ClInclude Include="Configs.h">
      <Filter>Main</Filter>
    </ClInclude>
    <ClInclude Include="Loader.h">
      <Filter>Main</Filter>
    </ClInclude>
    <ClInclude Include="Engine\GlobalShareData.h">
      <Filter>Engine</Filter>
    </ClInclude>
    <ClInclude Include="Engine\EngineOwnData.h">
      <Filter>Engine</Filter>
    </ClInclude>
    <ClInclude Include="Engine\LoaderHelper.h">
      <Filter>Engine</Filter>
    </ClInclude>
    <ClInclude Include="Engine\RemoteCall.h">
      <Filter>Engine</Filter>
    </ClInclude>
    <ClInclude Include="Engine\LocalShareData.h">
      <Filter>Engine</Filter>
    </ClInclude>
    <ClInclude Include="Engine\MessageSystem.h">
      <Filter>Engine</Filter>
    </ClInclude>
    <ClInclude Include="Engine\TimeTaskSystem.h">
      <Filter>Engine</Filter>
    </ClInclude>
    <ClInclude Include="Global.hpp">
      <Filter>Main</Filter>
    </ClInclude>
    <ClInclude Include="Tools\Utils.h">
      <Filter>Tools</Filter>
    </ClInclude>
    <ClInclude Include="Tools\IniHelper.h">
      <Filter>Tools</Filter>
    </ClInclude>
    <ClInclude Include="EconomicSystem.h">
      <Filter>Main</Filter>
    </ClInclude>
    <ClInclude Include="Tools\JsonHelper.h">
      <Filter>Tools</Filter>
    </ClInclude>
    <ClInclude Include="Engine\OperationCount.h">
      <Filter>Engine</Filter>
    </ClInclude>
    <ClInclude Include="SafeGuardRecord.h">
      <Filter>Main</Filter>
    </ClInclude>
    <ClInclude Include="BuiltinCommands.h">
      <Filter>Main</Filter>
    </ClInclude>
    <ClInclude Include="PluginManager.h">
      <Filter>Main</Filter>
    </ClInclude>
    <ClInclude Include="Engine\EngineManager.h">
      <Filter>Engine</Filter>
    </ClInclude>
    <ClInclude Include="resource.h">
      <Filter>Resource</Filter>
    </ClInclude>
    <ClInclude Include="OldAPI\APIHelp.h">
      <Filter>OldAPI</Filter>
    </ClInclude>
    <ClInclude Include="OldAPI\BaseAPI.h">
      <Filter>OldAPI</Filter>
    </ClInclude>
    <ClInclude Include="OldAPI\BlockAPI.h">
      <Filter>OldAPI</Filter>
    </ClInclude>
    <ClInclude Include="OldAPI\BlockEntityAPI.h">
      <Filter>OldAPI</Filter>
    </ClInclude>
    <ClInclude Include="OldAPI\CommandAPI.h">
      <Filter>OldAPI</Filter>
    </ClInclude>
    <ClInclude Include="OldAPI\CommandCompatibleAPI.h">
      <Filter>OldAPI</Filter>
    </ClInclude>
    <ClInclude Include="OldAPI\CommandOriginAPI.h">
      <Filter>OldAPI</Filter>
    </ClInclude>
    <ClInclude Include="OldAPI\CommandOutputAPI.h">
      <Filter>OldAPI</Filter>
    </ClInclude>
    <ClInclude Include="OldAPI\ContainerAPI.h">
      <Filter>OldAPI</Filter>
    </ClInclude>
    <ClInclude Include="OldAPI\DataAPI.h">
      <Filter>OldAPI</Filter>
    </ClInclude>
    <ClInclude Include="OldAPI\DatabaseAPI.h">
      <Filter>OldAPI</Filter>
    </ClInclude>
    <ClInclude Include="OldAPI\DeviceAPI.h">
      <Filter>OldAPI</Filter>
    </ClInclude>
    <ClInclude Include="OldAPI\EntityAPI.h">
      <Filter>OldAPI</Filter>
    </ClInclude>
    <ClInclude Include="OldAPI\EventAPI.h">
      <Filter>OldAPI</Filter>
    </ClInclude>
    <ClInclude Include="OldAPI\FileSystemAPI.h">
      <Filter>OldAPI</Filter>
    </ClInclude>
    <ClInclude Include="OldAPI\GameUtilsAPI.h">
      <Filter>OldAPI</Filter>
    </ClInclude>
    <ClInclude Include="OldAPI\GuiAPI.h">
      <Filter>OldAPI</Filter>
    </ClInclude>
    <ClInclude Include="OldAPI\ItemAPI.h">
      <Filter>OldAPI</Filter>
    </ClInclude>
    <ClInclude Include="OldAPI\LlAPI.h">
      <Filter>OldAPI</Filter>
    </ClInclude>
    <ClInclude Include="OldAPI\LoggerAPI.h">
      <Filter>OldAPI</Filter>
    </ClInclude>
    <ClInclude Include="OldAPI\McAPI.h">
      <Filter>OldAPI</Filter>
    </ClInclude>
    <ClInclude Include="OldAPI\NbtAPI.h">
      <Filter>OldAPI</Filter>
    </ClInclude>
    <ClInclude Include="OldAPI\NetworkAPI.h">
      <Filter>OldAPI</Filter>
    </ClInclude>
    <ClInclude Include="OldAPI\PlayerAPI.h">
      <Filter>OldAPI</Filter>
    </ClInclude>
    <ClInclude Include="OldAPI\RemoteCallAPI.h">
      <Filter>OldAPI</Filter>
    </ClInclude>
    <ClInclude Include="OldAPI\ScoreboardAPI.h">
      <Filter>OldAPI</Filter>
    </ClInclude>
    <ClInclude Include="OldAPI\ScriptAPI.h">
      <Filter>OldAPI</Filter>
    </ClInclude>
    <ClInclude Include="OldAPI\ServerAPI.h">
      <Filter>OldAPI</Filter>
    </ClInclude>
    <ClInclude Include="OldAPI\SystemAPI.h">
      <Filter>OldAPI</Filter>
    </ClInclude>
    <ClInclude Include="API\PlayerWrapper.h">
      <Filter>API</Filter>
    </ClInclude>
  </ItemGroup>
  <ItemGroup>
    <Library Include="third-party\cpp-base64\lib\cpp-base64.lib">
      <Filter>Lib</Filter>
    </Library>
    <Library Include="third-party\openssl\libcrypto.lib">
      <Filter>Lib</Filter>
    </Library>
    <Library Include="third-party\dyncall\lib\libdyncall_s.lib">
      <Filter>Lib</Filter>
    </Library>
    <Library Include="third-party\dyncall\lib\libdyncallback_s.lib">
      <Filter>Lib</Filter>
    </Library>
    <Library Include="third-party\dyncall\lib\libdynload_s.lib">
      <Filter>Lib</Filter>
    </Library>
    <Library Include="third-party\openssl\libssl.lib">
      <Filter>Lib</Filter>
    </Library>
    <Library Include="third-party\LightWebSocketClient\lib\LightWSClient.lib">
      <Filter>Lib</Filter>
    </Library>
    <Library Include="third-party\Lua\lib\lua.lib">
      <Filter>Lib</Filter>
    </Library>
    <Library Include="third-party\nbt-cpp\lib\nbt-cpp.lib">
      <Filter>Lib</Filter>
    </Library>
    <Library Include="third-party\ScriptX\lib\ScriptX-Js.lib">
      <Filter>Lib</Filter>
    </Library>
    <Library Include="third-party\ScriptX\lib\ScriptX-Lua.lib">
      <Filter>Lib</Filter>
    </Library>
    <Library Include="third-party\V8\lib\v8.lib">
      <Filter>Lib</Filter>
    </Library>
    <Library Include="third-party\V8\lib\v8_libbase.lib">
      <Filter>Lib</Filter>
    </Library>
    <Library Include="third-party\V8\lib\v8_libplatform.lib">
      <Filter>Lib</Filter>
    </Library>
    <Library Include="third-party\V8\lib\zlib.lib">
      <Filter>Lib</Filter>
    </Library>
  </ItemGroup>
  <ItemGroup>
    <ResourceCompile Include="ScriptEngine.rc">
      <Filter>Resource</Filter>
    </ResourceCompile>
  </ItemGroup>
</Project>